{
  "originHash" : "f271391a761dcab1f447bcf34606ab1ac08d6654113ddb409ffa8b778622d590",
  "pins" : [
    {
      "identity" : "input-mask-ios",
      "kind" : "remoteSourceControl",
      "location" : "https://github.com/RedMadRobot/input-mask-ios.git",
      "state" : {
        "revision" : "b492f115cc8b3aeb1b6395b4c4157d6bba1fceab",
        "version" : "7.3.2"
      }
    },
    {
      "identity" : "iqkeyboardmanager",
      "kind" : "remoteSourceControl",
      "location" : "https://github.com/hackiftekhar/IQKeyboardManager.git",
      "state" : {
        "revision" : "19e111f9246b3407fe0c334dc78fa890c40d8c67",
        "version" : "7.0.3"
      }
    },
    {
      "identity" : "lottie-ios",
      "kind" : "remoteSourceControl",
      "location" : "https://github.com/airbnb/lottie-ios.git",
      "state" : {
        "revision" : "769b88d83a42ca8d5572b020c96f47e3690b3796",
        "version" : "4.4.3"
      }
    },
    {
      "identity" : "panmodal",
      "kind" : "remoteSourceControl",
      "location" : "https://github.com/slackhq/PanModal.git",
      "state" : {
        "revision" : "b012aecb6b67a8e46369227f893c12544846613f",
        "version" : "1.2.7"
      }
    },
    {
      "identity" : "progresshud",
      "kind" : "remoteSourceControl",
      "location" : "https://github.com/relatedcode/ProgressHUD.git",
      "state" : {
        "revision" : "9364904a42cb25f58d026451140c4080a868e72e",
        "version" : "14.1.3"
      }
    },
    {
      "identity" : "skyfloatinglabeltextfield",
      "kind" : "remoteSourceControl",
      "location" : "https://github.com/Skyscanner/SkyFloatingLabelTextField.git",
      "state" : {
        "revision" : "a0750ebbc7311f3b3debf99c5e59338e854afa59",
        "version" : "4.0.0"
      }
    },
    {
      "identity" : "snapkit",
      "kind" : "remoteSourceControl",
      "location" : "https://github.com/Snapkit/SnapKit.git",
      "state" : {
        "revision" : "2842e6e84e82eb9a8dac0100ca90d9444b0307f4",
        "version" : "5.7.1"
      }
    }
  ],
  "version" : 3
}
